<?xml version="1.0" encoding="UTF-8"?>
<Scheme
   LastUpgradeVersion = "1010"
   version = "1.3">
   <BuildAction
      parallelizeBuildables = "YES"
      buildImplicitDependencies = "YES">
      <BuildActionEntries>
         <BuildActionEntry
            buildForTesting = "YES"
            buildForRunning = "YES"
            buildForProfiling = "YES"
            buildForArchiving = "YES"
            buildForAnalyzing = "YES">
            <BuildableReference
               BuildableIdentifier = "primary"
               BlueprintIdentifier = "D1FDDB5D223398B7006AA6A1"
               BuildableName = "AnimatedDesktop"
               BlueprintName = "AnimatedDesktop"
               ReferencedContainer = "container:AnimatedDesktop.xcodeproj">
            </BuildableReference>
         </BuildActionEntry>
      </BuildActionEntries>
   </BuildAction>
   <TestAction
      buildConfiguration = "Debug"
      selectedDebuggerIdentifier = "Xcode.DebuggerFoundation.Debugger.LLDB"
      selectedLauncherIdentifier = "Xcode.DebuggerFoundation.Launcher.LLDB"
      shouldUseLaunchSchemeArgsEnv = "YES">
      <Testables>
      </Testables>
      <MacroExpansion>
         <BuildableReference
            BuildableIdentifier = "primary"
            BlueprintIdentifier = "D1FDDB5D223398B7006AA6A1"
            BuildableName = "AnimatedDesktop"
            BlueprintName = "AnimatedDesktop"
            ReferencedContainer = "container:AnimatedDesktop.xcodeproj">
         </BuildableReference>
      </MacroExpansion>
      <AdditionalOptions>
      </AdditionalOptions>
   </TestAction>
   <LaunchAction
      buildConfiguration = "Debug"
      selectedDebuggerIdentifier = "Xcode.DebuggerFoundation.Debugger.LLDB"
      selectedLauncherIdentifier = "Xcode.DebuggerFoundation.Launcher.LLDB"
      launchStyle = "0"
      useCustomWorkingDirectory = "NO"
      ignoresPersistentStateOnLaunch = "NO"
      debugDocumentVersioning = "YES"
      debugServiceExtension = "internal"
      allowLocationSimulation = "YES">
      <BuildableProductRunnable
         runnableDebuggingMode = "0">
         <BuildableReference
            BuildableIdentifier = "primary"
            BlueprintIdentifier = "D1FDDB5D223398B7006AA6A1"
            BuildableName = "AnimatedDesktop"
            BlueprintName = "AnimatedDesktop"
            ReferencedContainer = "container:AnimatedDesktop.xcodeproj">
         </BuildableReference>
      </BuildableProductRunnable>
      <CommandLineArguments>
         <CommandLineArgument
            argument = "/Users/ihello/Downloads/&#x5b66;&#x4e60;&#x89c6;&#x9891;/2016&#x5e74;&#x6700;&#x65b0;iOS&#x6559;&#x7a0b;/2016&#x5e74;&#x6700;&#x65b0;C&#x8bed;&#x8a00;&#x6559;&#x7a0b;/Day01-&#x5f00;&#x53d1;&#x524d;&#x594f;/01\ &#x8bfe;&#x7a0b;&#x4ecb;&#x7ecd;.mp4"
            isEnabled = "YES">
         </CommandLineArgument>
         <CommandLineArgument
            argument = "--make"
            isEnabled = "NO">
         </CommandLineArgument>
      </CommandLineArguments>
      <AdditionalOptions>
      </AdditionalOptions>
   </LaunchAction>
   <ProfileAction
      buildConfiguration = "Release"
      shouldUseLaunchSchemeArgsEnv = "YES"
      savedToolIdentifier = ""
      useCustomWorkingDirectory = "NO"
      debugDocumentVersioning = "YES">
      <BuildableProductRunnable
         runnableDebuggingMode = "0">
         <BuildableReference
            BuildableIdentifier = "primary"
            BlueprintIdentifier = "D1FDDB5D223398B7006AA6A1"
            BuildableName = "AnimatedDesktop"
            BlueprintName = "AnimatedDesktop"
            ReferencedContainer = "container:AnimatedDesktop.xcodeproj">
         </BuildableReference>
      </BuildableProductRunnable>
   </ProfileAction>
   <AnalyzeAction
      buildConfiguration = "Debug">
   </AnalyzeAction>
   <ArchiveAction
      buildConfiguration = "Release"
      revealArchiveInOrganizer = "YES">
   </ArchiveAction>
</Scheme>
